{
  "version": 4,
  "terraform_version": "1.2.4",
  "serial": 20,
  "lineage": "e187ba38-d8db-3d75-ab1d-f678ecf672e3",
  "outputs": {},
  "resources": [
    {
      "mode": "data",
      "type": "azurerm_subscription",
      "name": "current",
      "provider": "provider[\"registry.terraform.io/hashicorp/azurerm\"]",
      "instances": [
        {
          "schema_version": 0,
          "attributes": {
            "display_name": "Azure subscription 1",
            "id": "/subscriptions/d2196ffa-f232-4857-be85-27c3b1ed98af",
            "location_placement_id": "Public_2014-09-01",
            "quota_id": "PayAsYouGo_2014-09-01",
            "spending_limit": "Off",
            "state": "Enabled",
            "subscription_id": "d2196ffa-f232-4857-be85-27c3b1ed98af",
            "tags": {},
            "tenant_id": "4c7d68c2-a01d-4013-9c56-6c60c15083dd",
            "timeouts": null
          },
          "sensitive_attributes": []
        }
      ]
    },
    {
      "mode": "managed",
      "type": "azurerm_policy_definition",
      "name": "close-management-ports",
      "provider": "provider[\"registry.terraform.io/hashicorp/azurerm\"]",
      "instances": [
        {
          "schema_version": 0,
          "attributes": {
            "description": "Open remote management ports are exposing your VM to a high level of risk from Internet-based attacks. These attacks attempt to brute force credentials to gain admin access to the machine.",
            "display_name": "Management ports should be closed on your virtual machines",
            "id": "/subscriptions/d2196ffa-f232-4857-be85-27c3b1ed98af/providers/Microsoft.Authorization/policyDefinitions/close-management-ports",
            "management_group_id": "",
            "metadata": "{\"category\":\"Network\",\"createdBy\":\"b33fa1fa-ebac-4d06-b093-652ec2ee169a\",\"createdOn\":\"2022-07-10T15:06:10.6236545Z\",\"updatedBy\":null,\"updatedOn\":null,\"version\":\"1.0.0\"}",
            "mode": "All",
            "name": "close-management-ports",
            "parameters": "{\"effect\":{\"type\":\"String\",\"allowedValues\":[\"AuditIfNotExists\",\"Disabled\"],\"defaultValue\":\"AuditIfNotExists\",\"metadata\":{\"description\":\"Enable or disable the execution of the policy\",\"displayName\":\"Effect\"}}}",
            "policy_rule": "{\"if\":{\"field\":\"type\",\"in\":[\"Microsoft.Compute/virtualMachines\",\"Microsoft.ClassicCompute/virtualMachines\"]},\"then\":{\"details\":{\"existenceCondition\":{\"field\":\"Microsoft.Security/assessments/status.code\",\"in\":[\"Healthy\"]},\"name\":\"bc303248-3d14-44c2-96a0-55f5c326b5fe\",\"type\":\"Microsoft.Security/assessments\"},\"effect\":\"[parameters('effect')]\"}}",
            "policy_type": "Custom",
            "timeouts": null
          },
          "sensitive_attributes": [],
          "private": "eyJlMmJmYjczMC1lY2FhLTExZTYtOGY4OC0zNDM2M2JjN2M0YzAiOnsiY3JlYXRlIjoxODAwMDAwMDAwMDAwLCJkZWxldGUiOjE4MDAwMDAwMDAwMDAsInJlYWQiOjMwMDAwMDAwMDAwMCwidXBkYXRlIjoxODAwMDAwMDAwMDAwfX0="
        }
      ]
    },
    {
      "mode": "managed",
      "type": "azurerm_policy_definition",
      "name": "nics-no-pips",
      "provider": "provider[\"registry.terraform.io/hashicorp/azurerm\"]",
      "instances": [
        {
          "schema_version": 0,
          "attributes": {
            "description": "This policy denies the network interfaces which are configured with any public IP. Public IP addresses allow internet resources to communicate inbound to Azure resources, and Azure resources to communicate outbound to the internet. This should be reviewed by the network security team.",
            "display_name": "Network interfaces should not have public IPs",
            "id": "/subscriptions/d2196ffa-f232-4857-be85-27c3b1ed98af/providers/Microsoft.Authorization/policyDefinitions/nics-no-pips",
            "management_group_id": "",
            "metadata": "{\"category\":\"Network\",\"createdBy\":\"b33fa1fa-ebac-4d06-b093-652ec2ee169a\",\"createdOn\":\"2022-07-10T14:13:34.4805788Z\",\"updatedBy\":null,\"updatedOn\":null,\"version\":\"1.0.0\"}",
            "mode": "All",
            "name": "nics-no-pips",
            "parameters": "",
            "policy_rule": "{\"if\":{\"allOf\":[{\"equals\":\"Microsoft.Network/networkInterfaces\",\"field\":\"type\"},{\"not\":{\"field\":\"Microsoft.Network/networkInterfaces/ipconfigurations[*].publicIpAddress.id\",\"notLike\":\"*\"}}]},\"then\":{\"effect\":\"deny\"}}",
            "policy_type": "Custom",
            "timeouts": null
          },
          "sensitive_attributes": [],
          "private": "eyJlMmJmYjczMC1lY2FhLTExZTYtOGY4OC0zNDM2M2JjN2M0YzAiOnsiY3JlYXRlIjoxODAwMDAwMDAwMDAwLCJkZWxldGUiOjE4MDAwMDAwMDAwMDAsInJlYWQiOjMwMDAwMDAwMDAwMCwidXBkYXRlIjoxODAwMDAwMDAwMDAwfX0="
        }
      ]
    },
    {
      "mode": "managed",
      "type": "azurerm_policy_set_definition",
      "name": "core_networking_restrictions",
      "provider": "provider[\"registry.terraform.io/hashicorp/azurerm\"]",
      "instances": [
        {
          "schema_version": 0,
          "attributes": {
            "description": "",
            "display_name": "Core networking restrictions",
            "id": "/subscriptions/d2196ffa-f232-4857-be85-27c3b1ed98af/providers/Microsoft.Authorization/policySetDefinitions/core_networking_restrictions",
            "management_group_id": "",
            "metadata": "{\"createdBy\":\"b33fa1fa-ebac-4d06-b093-652ec2ee169a\",\"createdOn\":\"2022-07-10T15:07:43.0076433Z\",\"updatedBy\":\"b33fa1fa-ebac-4d06-b093-652ec2ee169a\",\"updatedOn\":\"2022-07-10T15:37:05.5199007Z\"}",
            "name": "core_networking_restrictions",
            "parameters": null,
            "policy_definition_group": [],
            "policy_definition_reference": [
              {
                "parameter_values": "",
                "policy_definition_id": "/subscriptions/d2196ffa-f232-4857-be85-27c3b1ed98af/providers/Microsoft.Authorization/policyDefinitions/close-management-ports",
                "policy_group_names": [],
                "reference_id": "/subscriptions/d2196ffa-f232-4857-be85-27c3b1ed98af/providers/Microsoft.Authorization/policyDefinitions/close-management-ports"
              }
            ],
            "policy_type": "Custom",
            "timeouts": null
          },
          "sensitive_attributes": [],
          "private": "eyJlMmJmYjczMC1lY2FhLTExZTYtOGY4OC0zNDM2M2JjN2M0YzAiOnsiY3JlYXRlIjoxODAwMDAwMDAwMDAwLCJkZWxldGUiOjE4MDAwMDAwMDAwMDAsInJlYWQiOjMwMDAwMDAwMDAwMCwidXBkYXRlIjoxODAwMDAwMDAwMDAwfX0=",
          "dependencies": [
            "azurerm_policy_definition.close-management-ports"
          ]
        }
      ]
    },
    {
      "mode": "managed",
      "type": "azurerm_resource_group",
      "name": "policy_demo",
      "provider": "provider[\"registry.terraform.io/hashicorp/azurerm\"]",
      "instances": [
        {
          "schema_version": 0,
          "attributes": {
            "id": "/subscriptions/d2196ffa-f232-4857-be85-27c3b1ed98af/resourceGroups/policy_demo",
            "location": "canadacentral",
            "name": "policy_demo",
            "tags": {},
            "timeouts": null
          },
          "sensitive_attributes": [],
          "private": "eyJlMmJmYjczMC1lY2FhLTExZTYtOGY4OC0zNDM2M2JjN2M0YzAiOnsiY3JlYXRlIjo1NDAwMDAwMDAwMDAwLCJkZWxldGUiOjU0MDAwMDAwMDAwMDAsInJlYWQiOjMwMDAwMDAwMDAwMCwidXBkYXRlIjo1NDAwMDAwMDAwMDAwfX0="
        }
      ]
    },
    {
      "mode": "managed",
      "type": "azurerm_subscription_policy_assignment",
      "name": "core_networking_restrictions",
      "provider": "provider[\"registry.terraform.io/hashicorp/azurerm\"]",
      "instances": [
        {
          "schema_version": 0,
          "attributes": {
            "description": "",
            "display_name": "",
            "enforce": true,
            "id": "/subscriptions/d2196ffa-f232-4857-be85-27c3b1ed98af/providers/Microsoft.Authorization/policyAssignments/core_networking_restrictions",
            "identity": [],
            "location": "",
            "metadata": "{\"createdBy\":\"b33fa1fa-ebac-4d06-b093-652ec2ee169a\",\"createdOn\":\"2022-07-10T15:19:21.5151325Z\",\"updatedBy\":\"b33fa1fa-ebac-4d06-b093-652ec2ee169a\",\"updatedOn\":\"2022-07-10T15:37:06.5061926Z\"}",
            "name": "core_networking_restrictions",
            "non_compliance_message": [
              {
                "content": "Management ports should not be exposed to the public",
                "policy_definition_reference_id": "/subscriptions/d2196ffa-f232-4857-be85-27c3b1ed98af/providers/Microsoft.Authorization/policyDefinitions/close-management-ports"
              }
            ],
            "not_scopes": [],
            "parameters": "",
            "policy_definition_id": "/subscriptions/d2196ffa-f232-4857-be85-27c3b1ed98af/providers/Microsoft.Authorization/policySetDefinitions/core_networking_restrictions",
            "subscription_id": "/subscriptions/d2196ffa-f232-4857-be85-27c3b1ed98af",
            "timeouts": null
          },
          "sensitive_attributes": [],
          "private": "eyJlMmJmYjczMC1lY2FhLTExZTYtOGY4OC0zNDM2M2JjN2M0YzAiOnsiY3JlYXRlIjoxODAwMDAwMDAwMDAwLCJkZWxldGUiOjE4MDAwMDAwMDAwMDAsInJlYWQiOjMwMDAwMDAwMDAwMCwidXBkYXRlIjoxODAwMDAwMDAwMDAwfX0=",
          "dependencies": [
            "azurerm_policy_definition.close-management-ports",
            "azurerm_policy_set_definition.core_networking_restrictions",
            "data.azurerm_subscription.current"
          ]
        }
      ]
    }
  ]
}
